
Microsoft Visual Studio Solution File, Format Version 12.00
# Visual Studio Version 17
VisualStudioVersion = 17.14.36202.13 d17.14
MinimumVisualStudioVersion = 10.0.40219.1
Project("{FAE04EC0-301F-11D3-BF4B-00C04F79EFBC}") = "SistemaGestaoEscola.Web", "SistemaGestaoEscola.Web\SistemaGestaoEscola.Web.csproj", "{D1E43EC9-7E0A-4468-8904-A58CB70C7498}"
EndProject
Global
	GlobalSection(SolutionConfigurationPlatforms) = preSolution
		Debug|Any CPU = Debug|Any CPU
		Release|Any CPU = Release|Any CPU
	EndGlobalSection
	GlobalSection(ProjectConfigurationPlatforms) = postSolution
		{D1E43EC9-7E0A-4468-8904-A58CB70C7498}.Debug|Any CPU.ActiveCfg = Debug|Any CPU
		{D1E43EC9-7E0A-4468-8904-A58CB70C7498}.Debug|Any CPU.Build.0 = Debug|Any CPU
		{D1E43EC9-7E0A-4468-8904-A58CB70C7498}.Release|Any CPU.ActiveCfg = Release|Any CPU
		{D1E43EC9-7E0A-4468-8904-A58CB70C7498}.Release|Any CPU.Build.0 = Release|Any CPU
	EndGlobalSection
	GlobalSection(SolutionProperties) = preSolution
		HideSolutionNode = FALSE
	EndGlobalSection
	GlobalSection(ExtensibilityGlobals) = postSolution
		SolutionGuid = {4A34F681-2221-4B92-B423-79875F42E558}
	EndGlobalSection
EndGlobal
